
Microsoft Visual Studio Solution File, Format Version 12.00
# Visual Studio Version 17
VisualStudioVersion = 17.1.32228.430
MinimumVisualStudioVersion = 10.0.40219.1
Project("{9A19103F-16F7-4668-BE54-9A1E7A4F7556}") = "StockChatter", "StockChatter\StockChatter.csproj", "{6EE448D1-58D7-43B6-9A0F-6B1E4350FC2F}"
EndProject
Project("{9A19103F-16F7-4668-BE54-9A1E7A4F7556}") = "StockChatter.API", "StockChatter.API\StockChatter.API.csproj", "{12F1A7BB-C7AC-4B13-9DD2-AB40B9569B0F}"
EndProject
Project("{2150E333-8FDC-42A3-9474-1A3956D46DE8}") = "Utilities", "Utilities", "{E4D864CF-A6C4-4E4B-A4CA-5F69F4E6793E}"
EndProject
Project("{9A19103F-16F7-4668-BE54-9A1E7A4F7556}") = "Functional.Result", "Functional.Result\Functional.Result.csproj", "{3B508D1C-74DC-407A-B95F-5C7E118211FF}"
EndProject
Project("{FAE04EC0-301F-11D3-BF4B-00C04F79EFBC}") = "StockChatter.Shared", "StockChatter.Shared\StockChatter.Shared.csproj", "{6458ED18-F97F-4F06-BD06-73C159E69198}"
EndProject
Global
	GlobalSection(SolutionConfigurationPlatforms) = preSolution
		Debug|Any CPU = Debug|Any CPU
		Release|Any CPU = Release|Any CPU
	EndGlobalSection
	GlobalSection(ProjectConfigurationPlatforms) = postSolution
		{6EE448D1-58D7-43B6-9A0F-6B1E4350FC2F}.Debug|Any CPU.ActiveCfg = Debug|Any CPU
		{6EE448D1-58D7-43B6-9A0F-6B1E4350FC2F}.Debug|Any CPU.Build.0 = Debug|Any CPU
		{6EE448D1-58D7-43B6-9A0F-6B1E4350FC2F}.Release|Any CPU.ActiveCfg = Release|Any CPU
		{6EE448D1-58D7-43B6-9A0F-6B1E4350FC2F}.Release|Any CPU.Build.0 = Release|Any CPU
		{12F1A7BB-C7AC-4B13-9DD2-AB40B9569B0F}.Debug|Any CPU.ActiveCfg = Debug|Any CPU
		{12F1A7BB-C7AC-4B13-9DD2-AB40B9569B0F}.Debug|Any CPU.Build.0 = Debug|Any CPU
		{12F1A7BB-C7AC-4B13-9DD2-AB40B9569B0F}.Release|Any CPU.ActiveCfg = Release|Any CPU
		{12F1A7BB-C7AC-4B13-9DD2-AB40B9569B0F}.Release|Any CPU.Build.0 = Release|Any CPU
		{3B508D1C-74DC-407A-B95F-5C7E118211FF}.Debug|Any CPU.ActiveCfg = Debug|Any CPU
		{3B508D1C-74DC-407A-B95F-5C7E118211FF}.Debug|Any CPU.Build.0 = Debug|Any CPU
		{3B508D1C-74DC-407A-B95F-5C7E118211FF}.Release|Any CPU.ActiveCfg = Release|Any CPU
		{3B508D1C-74DC-407A-B95F-5C7E118211FF}.Release|Any CPU.Build.0 = Release|Any CPU
		{6458ED18-F97F-4F06-BD06-73C159E69198}.Debug|Any CPU.ActiveCfg = Debug|Any CPU
		{6458ED18-F97F-4F06-BD06-73C159E69198}.Debug|Any CPU.Build.0 = Debug|Any CPU
		{6458ED18-F97F-4F06-BD06-73C159E69198}.Release|Any CPU.ActiveCfg = Release|Any CPU
		{6458ED18-F97F-4F06-BD06-73C159E69198}.Release|Any CPU.Build.0 = Release|Any CPU
	EndGlobalSection
	GlobalSection(SolutionProperties) = preSolution
		HideSolutionNode = FALSE
	EndGlobalSection
	GlobalSection(NestedProjects) = preSolution
		{3B508D1C-74DC-407A-B95F-5C7E118211FF} = {E4D864CF-A6C4-4E4B-A4CA-5F69F4E6793E}
	EndGlobalSection
	GlobalSection(ExtensibilityGlobals) = postSolution
		SolutionGuid = {0A78B271-BDF1-41F8-9313-2363F5275974}
	EndGlobalSection
EndGlobal
